hash: 95592956a1bdf07e34edac54ae00f82474befeff7794efe9e023f9fb541e5a90
updated: 2016-11-27T19:59:56.718468666-08:00
imports:
- name: github.com/emicklei/go-restful
  version: 777bb3f19bcafe2575ffb2a3e46af92509ae9594
  subpackages:
  - log
- name: github.com/opentracing/opentracing-go
  version: 0c3154a3c2ce79d3271985848659870599dfb77c
  subpackages:
  - log
- name: github.com/SermoDigital/jose
  version: 389fea327ef076853db8fae03a0f38e30e6092ab
  subpackages:
  - jws
  - crypto
  - jwt
- name: github.com/Sirupsen/logrus
  version: d26492970760ca5d33129d2d799e34be5c4782eb
- name: github.com/tonyhb/govalidate
  version: 6e3c0a7f57e82425de1b2c848a8ae5a15a6d0178
  subpackages:
  - rules
  - rules/alpha
  - rules/alphanumeric
  - rules/email
  - rules/greaterthan
  - rules/length
  - rules/lessthan
  - rules/maxlength
  - rules/minlength
  - rules/notempty
  - rules/notzero
  - rules/notzerotime
  - rules/regexp
  - rules/url
  - rules/uuid
  - helper
- name: golang.org/x/crypto
  version: b8e7895fea88517e9b04aab7ceed6646faaee76b
  subpackages:
  - bcrypt
  - blowfish
- name: golang.org/x/net
  version: b8e7895fea88517e9b04aab7ceed6646faaee76b
  subpackages:
  - context
testImports: []
