hash: 38e400358e2c3be46f6ab00c0b30da7594a7055d33c255e08b5fb7aeef260391
updated: 2016-11-28T20:44:20.752708693-08:00
imports:
- name: github.com/emicklei/go-restful
  version: 777bb3f19bcafe2575ffb2a3e46af92509ae9594
  subpackages:
  - log
- name: github.com/google/uuid
  version: 064e2069ce9c359c118179501254f67d7d37ba24
- name: github.com/opentracing/opentracing-go
  version: 0c3154a3c2ce79d3271985848659870599dfb77c
  subpackages:
  - log
- name: github.com/SermoDigital/jose
  version: 389fea327ef076853db8fae03a0f38e30e6092ab
  subpackages:
  - jws
  - crypto
  - jwt
- name: github.com/Sirupsen/logrus
  version: d26492970760ca5d33129d2d799e34be5c4782eb
- name: github.com/tonyhb/govalidate
  version: 6e3c0a7f57e82425de1b2c848a8ae5a15a6d0178
  subpackages:
  - rules
  - rules/alpha
  - rules/alphanumeric
  - rules/email
  - rules/greaterthan
  - rules/length
  - rules/lessthan
  - rules/maxlength
  - rules/minlength
  - rules/notempty
  - rules/notzero
  - rules/notzerotime
  - rules/regexp
  - rules/url
  - rules/uuid
  - helper
- name: golang.org/x/crypto
  version: 9763a7a817c1bd7e42a24025a5d24e9d17350b57
  subpackages:
  - bcrypt
  - blowfish
- name: golang.org/x/net
  version: 9763a7a817c1bd7e42a24025a5d24e9d17350b57
  subpackages:
  - context
- name: golang.org/x/sys
  version: 9763a7a817c1bd7e42a24025a5d24e9d17350b57
  subpackages:
  - unix
testImports: []
