hash: 68e773f27a86395daba724faf2c10169825f6adfcfb7af5d26a2299426411a43
updated: 2016-09-03T10:23:19.118690246-07:00
imports:
- name: github.com/emicklei/go-restful
  version: 777bb3f19bcafe2575ffb2a3e46af92509ae9594
  subpackages:
  - log
- name: github.com/Sirupsen/logrus
  version: 4b6ea7319e214d98c938f12692336f7ca9348d6b
- name: golang.org/x/net
  version: 1358eff22f0dd0c54fc521042cc607f6ff4b531a
  subpackages:
  - context
- name: golang.org/x/sys
  version: a646d33e2ee3172a661fc09bca23bb4889a41bc8
  subpackages:
  - unix
testImports: []
